
Microsoft Visual Studio Solution File, Format Version 12.00
# Visual Studio Version 16
VisualStudioVersion = 16.0.32901.82
MinimumVisualStudioVersion = 10.0.40219.1
Project("{8BC9CEB8-8B4A-11D0-8D11-00A0C91BC942}") = "CurvesHierarchy", "CurvesHierarchy\CurvesHierarchy.vcxproj", "{F78D2074-40EC-4F1E-88DF-858F5C767E9F}"
EndProject
Global
	GlobalSection(SolutionConfigurationPlatforms) = preSolution
		Debug|x64 = Debug|x64
		Debug|x86 = Debug|x86
		Release|x64 = Release|x64
		Release|x86 = Release|x86
	EndGlobalSection
	GlobalSection(ProjectConfigurationPlatforms) = postSolution
		{F78D2074-40EC-4F1E-88DF-858F5C767E9F}.Debug|x64.ActiveCfg = Debug|x64
		{F78D2074-40EC-4F1E-88DF-858F5C767E9F}.Debug|x64.Build.0 = Debug|x64
		{F78D2074-40EC-4F1E-88DF-858F5C767E9F}.Debug|x86.ActiveCfg = Debug|Win32
		{F78D2074-40EC-4F1E-88DF-858F5C767E9F}.Debug|x86.Build.0 = Debug|Win32
		{F78D2074-40EC-4F1E-88DF-858F5C767E9F}.Release|x64.ActiveCfg = Release|x64
		{F78D2074-40EC-4F1E-88DF-858F5C767E9F}.Release|x64.Build.0 = Release|x64
		{F78D2074-40EC-4F1E-88DF-858F5C767E9F}.Release|x86.ActiveCfg = Release|Win32
		{F78D2074-40EC-4F1E-88DF-858F5C767E9F}.Release|x86.Build.0 = Release|Win32
	EndGlobalSection
	GlobalSection(SolutionProperties) = preSolution
		HideSolutionNode = FALSE
	EndGlobalSection
	GlobalSection(ExtensibilityGlobals) = postSolution
		SolutionGuid = {E43AA0CE-182F-40A9-AD26-3B816C9C5C0E}
	EndGlobalSection
EndGlobal
